
Microsoft Visual Studio Solution File, Format Version 12.00
# Visual Studio 15
VisualStudioVersion = 15.0.28307.421
MinimumVisualStudioVersion = 10.0.40219.1
Project("{FAE04EC0-301F-11D3-BF4B-00C04F79EFBC}") = "LoginAcessivel", "LoginAcessivel\LoginAcessivel.csproj", "{EE100DF8-FE56-4AE5-837C-517FC08E741B}"
EndProject
Global
	GlobalSection(SolutionConfigurationPlatforms) = preSolution
		Debug|Any CPU = Debug|Any CPU
		Release|Any CPU = Release|Any CPU
	EndGlobalSection
	GlobalSection(ProjectConfigurationPlatforms) = postSolution
		{EE100DF8-FE56-4AE5-837C-517FC08E741B}.Debug|Any CPU.ActiveCfg = Debug|Any CPU
		{EE100DF8-FE56-4AE5-837C-517FC08E741B}.Debug|Any CPU.Build.0 = Debug|Any CPU
		{EE100DF8-FE56-4AE5-837C-517FC08E741B}.Release|Any CPU.ActiveCfg = Release|Any CPU
		{EE100DF8-FE56-4AE5-837C-517FC08E741B}.Release|Any CPU.Build.0 = Release|Any CPU
	EndGlobalSection
	GlobalSection(SolutionProperties) = preSolution
		HideSolutionNode = FALSE
	EndGlobalSection
	GlobalSection(ExtensibilityGlobals) = postSolution
		SolutionGuid = {42BE6C07-0EEF-4FE2-8264-C5EA98947E3A}
	EndGlobalSection
EndGlobal
